
Microsoft Visual Studio Solution File, Format Version 12.00
# Visual Studio Version 16
VisualStudioVersion = 16.0.29728.190
MinimumVisualStudioVersion = 10.0.40219.1
Project("{FAE04EC0-301F-11D3-BF4B-00C04F79EFBC}") = "MSMQApp.Web", "MSMQApp.Web\MSMQApp.Web.csproj", "{318AF7F7-A123-45D9-AE29-2A5239C49D23}"
EndProject
Project("{2150E333-8FDC-42A3-9474-1A3956D46DE8}") = "Solution Items", "Solution Items", "{65989468-844F-41FB-B6CD-F16A9E919017}"
	ProjectSection(SolutionItems) = preProject
		..\.gitignore = ..\.gitignore
		..\Jenkinsfile = ..\Jenkinsfile
		..\manifest.yml = ..\manifest.yml
		..\README.md = ..\README.md
	EndProjectSection
EndProject
Global
	GlobalSection(SolutionConfigurationPlatforms) = preSolution
		Debug|Any CPU = Debug|Any CPU
		Release|Any CPU = Release|Any CPU
	EndGlobalSection
	GlobalSection(ProjectConfigurationPlatforms) = postSolution
		{318AF7F7-A123-45D9-AE29-2A5239C49D23}.Debug|Any CPU.ActiveCfg = Debug|Any CPU
		{318AF7F7-A123-45D9-AE29-2A5239C49D23}.Debug|Any CPU.Build.0 = Debug|Any CPU
		{318AF7F7-A123-45D9-AE29-2A5239C49D23}.Release|Any CPU.ActiveCfg = Release|Any CPU
		{318AF7F7-A123-45D9-AE29-2A5239C49D23}.Release|Any CPU.Build.0 = Release|Any CPU
	EndGlobalSection
	GlobalSection(SolutionProperties) = preSolution
		HideSolutionNode = FALSE
	EndGlobalSection
	GlobalSection(ExtensibilityGlobals) = postSolution
		SolutionGuid = {77F3FB8B-C4D3-4E7E-BD4E-9DB279FB9DB2}
	EndGlobalSection
EndGlobal
